
Microsoft Visual Studio Solution File, Format Version 12.00
# Visual Studio Version 17
VisualStudioVersion = 17.6.33723.286
MinimumVisualStudioVersion = 10.0.40219.1
Project("{FAE04EC0-301F-11D3-BF4B-00C04F79EFBC}") = "SistemaProva", "SistemaProva\SistemaProva.csproj", "{8A1BE40F-04F5-47E0-945B-F6CA01531893}"
EndProject
Global
	GlobalSection(SolutionConfigurationPlatforms) = preSolution
		Debug|Any CPU = Debug|Any CPU
		Release|Any CPU = Release|Any CPU
	EndGlobalSection
	GlobalSection(ProjectConfigurationPlatforms) = postSolution
		{8A1BE40F-04F5-47E0-945B-F6CA01531893}.Debug|Any CPU.ActiveCfg = Debug|Any CPU
		{8A1BE40F-04F5-47E0-945B-F6CA01531893}.Debug|Any CPU.Build.0 = Debug|Any CPU
		{8A1BE40F-04F5-47E0-945B-F6CA01531893}.Release|Any CPU.ActiveCfg = Release|Any CPU
		{8A1BE40F-04F5-47E0-945B-F6CA01531893}.Release|Any CPU.Build.0 = Release|Any CPU
	EndGlobalSection
	GlobalSection(SolutionProperties) = preSolution
		HideSolutionNode = FALSE
	EndGlobalSection
	GlobalSection(ExtensibilityGlobals) = postSolution
		SolutionGuid = {2F17C3B1-CDAC-4CD9-AF11-3B23DDC41096}
	EndGlobalSection
EndGlobal
